{
  "name": "@morphir/morphir-examples",
  "requires": true,
  "lockfileVersion": 1,
  "dependencies": {
    "commander": {
      "version": "4.1.1",
      "resolved": "https://registry.npmjs.org/commander/-/commander-4.1.1.tgz",
      "integrity": "sha512-NOKm8xhkzAjzFx8B2v5OAHT+u5pRQc2UCa2Vq9jYL/31o2wi9mxBA7LIFs3sV5VSC49z6pEhfbMULvShKj26WA=="
    },
    "morphir-elm": {
      "version": "0.4.0",
      "resolved": "https://registry.npmjs.org/morphir-elm/-/morphir-elm-0.4.0.tgz",
      "integrity": "sha512-stW0jqM0Qk2zTh8LVRC3adG55MfmZxoCKxz+hSfw2xFVmwcKH352PFuhKE9m2Mo7AY2j0p9C/XOHd0ggYS0L9w==",
      "requires": {
        "commander": "^4.1.1"
      }
    }
  }
}
